// !$*UTF8*$!
{
	archiveVersion = 1;
	classes = {
	};
	objectVersion = 46;
	objects = {

/* Begin PBXBuildFile section */
		0C5E073019D002DB00D80B64 /* main.m in Sources */ = {isa = PBXBuildFile; fileRef = 0C5E072F19D002DB00D80B64 /* main.m */; };
		0C5E073319D002DB00D80B64 /* AppDelegate.m in Sources */ = {isa = PBXBuildFile; fileRef = 0C5E073219D002DB00D80B64 /* AppDelegate.m */; };
		0C5E073919D002DB00D80B64 /* Main.storyboard in Resources */ = {isa = PBXBuildFile; fileRef = 0C5E073719D002DB00D80B64 /* Main.storyboard */; };
		0C5E073B19D002DB00D80B64 /* Images.xcassets in Resources */ = {isa = PBXBuildFile; fileRef = 0C5E073A19D002DB00D80B64 /* Images.xcassets */; };
		0C5E073E19D002DB00D80B64 /* LaunchScreen.xib in Resources */ = {isa = PBXBuildFile; fileRef = 0C5E073C19D002DB00D80B64 /* LaunchScreen.xib */; };
		0C5E0AA319D13B2000D80B64 /* libBindxOWS.a in Frameworks */ = {isa = PBXBuildFile; fileRef = 0C5E0AA119D13B2000D80B64 /* libBindxOWS.a */; };
		0C5E0AA419D13B2000D80B64 /* OWS.bundle in Resources */ = {isa = PBXBuildFile; fileRef = 0C5E0AA219D13B2000D80B64 /* OWS.bundle */; };
		0CEA509519D14A6A00705390 /* HomeViewController.m in Sources */ = {isa = PBXBuildFile; fileRef = 0CEA509319D14A6A00705390 /* HomeViewController.m */; };
		0CEA509619D14A6A00705390 /* HomeViewController.xib in Resources */ = {isa = PBXBuildFile; fileRef = 0CEA509419D14A6A00705390 /* HomeViewController.xib */; };
/* End PBXBuildFile section */

/* Begin PBXFileReference section */
		0C5E072A19D002DB00D80B64 /* OWSDemo.app */ = {isa = PBXFileReference; explicitFileType = wrapper.application; includeInIndex = 0; path = OWSDemo.app; sourceTree = BUILT_PRODUCTS_DIR; };
		0C5E072E19D002DB00D80B64 /* Info.plist */ = {isa = PBXFileReference; lastKnownFileType = text.plist.xml; path = Info.plist; sourceTree = "<group>"; };
		0C5E072F19D002DB00D80B64 /* main.m */ = {isa = PBXFileReference; lastKnownFileType = sourcecode.c.objc; path = main.m; sourceTree = "<group>"; };
		0C5E073119D002DB00D80B64 /* AppDelegate.h */ = {isa = PBXFileReference; lastKnownFileType = sourcecode.c.h; name = AppDelegate.h; path = OWSDemo/AppDelegate.h; sourceTree = "<group>"; };
		0C5E073219D002DB00D80B64 /* AppDelegate.m */ = {isa = PBXFileReference; lastKnownFileType = sourcecode.c.objc; name = AppDelegate.m; path = OWSDemo/AppDelegate.m; sourceTree = "<group>"; };
		0C5E073819D002DB00D80B64 /* Base */ = {isa = PBXFileReference; lastKnownFileType = file.storyboard; name = Base; path = Base.lproj/Main.storyboard; sourceTree = "<group>"; };
		0C5E073A19D002DB00D80B64 /* Images.xcassets */ = {isa = PBXFileReference; lastKnownFileType = folder.assetcatalog; path = Images.xcassets; sourceTree = "<group>"; };
		0C5E073D19D002DB00D80B64 /* Base */ = {isa = PBXFileReference; lastKnownFileType = file.xib; name = Base; path = Base.lproj/LaunchScreen.xib; sourceTree = "<group>"; };
		0C5E0AA019D13B2000D80B64 /* OWSManger.h */ = {isa = PBXFileReference; fileEncoding = 4; lastKnownFileType = sourcecode.c.h; path = OWSManger.h; sourceTree = "<group>"; };
		0C5E0AA119D13B2000D80B64 /* libBindxOWS.a */ = {isa = PBXFileReference; lastKnownFileType = archive.ar; path = libBindxOWS.a; sourceTree = "<group>"; };
		0C5E0AA219D13B2000D80B64 /* OWS.bundle */ = {isa = PBXFileReference; lastKnownFileType = "wrapper.plug-in"; path = OWS.bundle; sourceTree = "<group>"; };
		0CEA509219D14A6A00705390 /* HomeViewController.h */ = {isa = PBXFileReference; fileEncoding = 4; lastKnownFileType = sourcecode.c.h; path = HomeViewController.h; sourceTree = "<group>"; };
		0CEA509319D14A6A00705390 /* HomeViewController.m */ = {isa = PBXFileReference; fileEncoding = 4; lastKnownFileType = sourcecode.c.objc; path = HomeViewController.m; sourceTree = "<group>"; };
		0CEA509419D14A6A00705390 /* HomeViewController.xib */ = {isa = PBXFileReference; fileEncoding = 4; lastKnownFileType = file.xib; path = HomeViewController.xib; sourceTree = "<group>"; };
/* End PBXFileReference section */

/* Begin PBXFrameworksBuildPhase section */
		0C5E072719D002DB00D80B64 /* Frameworks */ = {
			isa = PBXFrameworksBuildPhase;
			buildActionMask = 2147483647;
			files = (
				0C5E0AA319D13B2000D80B64 /* libBindxOWS.a in Frameworks */,
			);
			runOnlyForDeploymentPostprocessing = 0;
		};
/* End PBXFrameworksBuildPhase section */

/* Begin PBXGroup section */
		0C5E072119D002DB00D80B64 = {
			isa = PBXGroup;
			children = (
				0C5E073119D002DB00D80B64 /* AppDelegate.h */,
				0C5E073219D002DB00D80B64 /* AppDelegate.m */,
				0C5E073719D002DB00D80B64 /* Main.storyboard */,
				0C5E072C19D002DB00D80B64 /* OWSDemo */,
				0C5E072B19D002DB00D80B64 /* Products */,
				0C5E0A9C19D13B2000D80B64 /* Debug-iphonesimulator */,
			);
			sourceTree = "<group>";
		};
		0C5E072B19D002DB00D80B64 /* Products */ = {
			isa = PBXGroup;
			children = (
				0C5E072A19D002DB00D80B64 /* OWSDemo.app */,
			);
			name = Products;
			sourceTree = "<group>";
		};
		0C5E072C19D002DB00D80B64 /* OWSDemo */ = {
			isa = PBXGroup;
			children = (
				0CEA509219D14A6A00705390 /* HomeViewController.h */,
				0CEA509319D14A6A00705390 /* HomeViewController.m */,
				0CEA509419D14A6A00705390 /* HomeViewController.xib */,
				0C5E073A19D002DB00D80B64 /* Images.xcassets */,
				0C5E073C19D002DB00D80B64 /* LaunchScreen.xib */,
				0C5E072D19D002DB00D80B64 /* Supporting Files */,
			);
			path = OWSDemo;
			sourceTree = "<group>";
		};
		0C5E072D19D002DB00D80B64 /* Supporting Files */ = {
			isa = PBXGroup;
			children = (
				0C5E072E19D002DB00D80B64 /* Info.plist */,
				0C5E072F19D002DB00D80B64 /* main.m */,
			);
			name = "Supporting Files";
			sourceTree = "<group>";
		};
		0C5E0A9C19D13B2000D80B64 /* Debug-iphonesimulator */ = {
			isa = PBXGroup;
			children = (
				0C5E0A9D19D13B2000D80B64 /* include */,
				0C5E0AA119D13B2000D80B64 /* libBindxOWS.a */,
				0C5E0AA219D13B2000D80B64 /* OWS.bundle */,
			);
			path = "Debug-iphonesimulator";
			sourceTree = "<group>";
		};
		0C5E0A9D19D13B2000D80B64 /* include */ = {
			isa = PBXGroup;
			children = (
				0C5E0A9E19D13B2000D80B64 /* BindxOWS */,
			);
			path = include;
			sourceTree = "<group>";
		};
		0C5E0A9E19D13B2000D80B64 /* BindxOWS */ = {
			isa = PBXGroup;
			children = (
				0C5E0AA019D13B2000D80B64 /* OWSManger.h */,
			);
			path = BindxOWS;
			sourceTree = "<group>";
		};
/* End PBXGroup section */

/* Begin PBXNativeTarget section */
		0C5E072919D002DB00D80B64 /* OWSDemo */ = {
			isa = PBXNativeTarget;
			buildConfigurationList = 0C5E074D19D002DB00D80B64 /* Build configuration list for PBXNativeTarget "OWSDemo" */;
			buildPhases = (
				0C5E072619D002DB00D80B64 /* Sources */,
				0C5E072719D002DB00D80B64 /* Frameworks */,
				0C5E072819D002DB00D80B64 /* Resources */,
			);
			buildRules = (
			);
			dependencies = (
			);
			name = OWSDemo;
			productName = ddddddd;
			productReference = 0C5E072A19D002DB00D80B64 /* OWSDemo.app */;
			productType = "com.apple.product-type.application";
		};
/* End PBXNativeTarget section */

/* Begin PBXProject section */
		0C5E072219D002DB00D80B64 /* Project object */ = {
			isa = PBXProject;
			attributes = {
				LastUpgradeCheck = 0600;
				ORGANIZATIONNAME = Bindx;
				TargetAttributes = {
					0C5E072919D002DB00D80B64 = {
						CreatedOnToolsVersion = 6.0;
					};
				};
			};
			buildConfigurationList = 0C5E072519D002DB00D80B64 /* Build configuration list for PBXProject "OWSDemo" */;
			compatibilityVersion = "Xcode 3.2";
			developmentRegion = English;
			hasScannedForEncodings = 0;
			knownRegions = (
				en,
				Base,
			);
			mainGroup = 0C5E072119D002DB00D80B64;
			productRefGroup = 0C5E072B19D002DB00D80B64 /* Products */;
			projectDirPath = "";
			projectRoot = "";
			targets = (
				0C5E072919D002DB00D80B64 /* OWSDemo */,
			);
		};
/* End PBXProject section */

/* Begin PBXResourcesBuildPhase section */
		0C5E072819D002DB00D80B64 /* Resources */ = {
			isa = PBXResourcesBuildPhase;
			buildActionMask = 2147483647;
			files = (
				0C5E073919D002DB00D80B64 /* Main.storyboard in Resources */,
				0C5E073E19D002DB00D80B64 /* LaunchScreen.xib in Resources */,
				0CEA509619D14A6A00705390 /* HomeViewController.xib in Resources */,
				0C5E073B19D002DB00D80B64 /* Images.xcassets in Resources */,
				0C5E0AA419D13B2000D80B64 /* OWS.bundle in Resources */,
			);
			runOnlyForDeploymentPostprocessing = 0;
		};
/* End PBXResourcesBuildPhase section */

/* Begin PBXSourcesBuildPhase section */
		0C5E072619D002DB00D80B64 /* Sources */ = {
			isa = PBXSourcesBuildPhase;
			buildActionMask = 2147483647;
			files = (
				0C5E073319D002DB00D80B64 /* AppDelegate.m in Sources */,
				0C5E073019D002DB00D80B64 /* main.m in Sources */,
				0CEA509519D14A6A00705390 /* HomeViewController.m in Sources */,
			);
			runOnlyForDeploymentPostprocessing = 0;
		};
/* End PBXSourcesBuildPhase section */

/* Begin PBXVariantGroup section */
		0C5E073719D002DB00D80B64 /* Main.storyboard */ = {
			isa = PBXVariantGroup;
			children = (
				0C5E073819D002DB00D80B64 /* Base */,
			);
			name = Main.storyboard;
			path = OWSDemo;
			sourceTree = "<group>";
		};
		0C5E073C19D002DB00D80B64 /* LaunchScreen.xib */ = {
			isa = PBXVariantGroup;
			children = (
				0C5E073D19D002DB00D80B64 /* Base */,
			);
			name = LaunchScreen.xib;
			sourceTree = "<group>";
		};
/* End PBXVariantGroup section */

/* Begin XCBuildConfiguration section */
		0C5E074B19D002DB00D80B64 /* Debug */ = {
			isa = XCBuildConfiguration;
			buildSettings = {
				ALWAYS_SEARCH_USER_PATHS = NO;
				CLANG_CXX_LANGUAGE_STANDARD = "gnu++0x";
				CLANG_CXX_LIBRARY = "libc++";
				CLANG_ENABLE_MODULES = YES;
				CLANG_ENABLE_OBJC_ARC = YES;
				CLANG_WARN_BOOL_CONVERSION = YES;
				CLANG_WARN_CONSTANT_CONVERSION = YES;
				CLANG_WARN_DIRECT_OBJC_ISA_USAGE = YES_ERROR;
				CLANG_WARN_EMPTY_BODY = YES;
				CLANG_WARN_ENUM_CONVERSION = YES;
				CLANG_WARN_INT_CONVERSION = YES;
				CLANG_WARN_OBJC_ROOT_CLASS = YES_ERROR;
				CLANG_WARN_UNREACHABLE_CODE = YES;
				CLANG_WARN__DUPLICATE_METHOD_MATCH = YES;
				"CODE_SIGN_IDENTITY[sdk=iphoneos*]" = "iPhone Developer";
				COPY_PHASE_STRIP = NO;
				ENABLE_STRICT_OBJC_MSGSEND = YES;
				GCC_C_LANGUAGE_STANDARD = gnu99;
				GCC_DYNAMIC_NO_PIC = NO;
				GCC_OPTIMIZATION_LEVEL = 0;
				GCC_PREPROCESSOR_DEFINITIONS = (
					"DEBUG=1",
					"$(inherited)",
				);
				GCC_SYMBOLS_PRIVATE_EXTERN = NO;
				GCC_WARN_64_TO_32_BIT_CONVERSION = YES;
				GCC_WARN_ABOUT_RETURN_TYPE = YES_ERROR;
				GCC_WARN_UNDECLARED_SELECTOR = YES;
				GCC_WARN_UNINITIALIZED_AUTOS = YES_AGGRESSIVE;
				GCC_WARN_UNUSED_FUNCTION = YES;
				GCC_WARN_UNUSED_VARIABLE = YES;
				IPHONEOS_DEPLOYMENT_TARGET = 8.0;
				MTL_ENABLE_DEBUG_INFO = YES;
				ONLY_ACTIVE_ARCH = YES;
				SDKROOT = iphoneos;
			};
			name = Debug;
		};
		0C5E074C19D002DB00D80B64 /* Release */ = {
			isa = XCBuildConfiguration;
			buildSettings = {
				ALWAYS_SEARCH_USER_PATHS = NO;
				CLANG_CXX_LANGUAGE_STANDARD = "gnu++0x";
				CLANG_CXX_LIBRARY = "libc++";
				CLANG_ENABLE_MODULES = YES;
				CLANG_ENABLE_OBJC_ARC = YES;
				CLANG_WARN_BOOL_CONVERSION = YES;
				CLANG_WARN_CONSTANT_CONVERSION = YES;
				CLANG_WARN_DIRECT_OBJC_ISA_USAGE = YES_ERROR;
				CLANG_WARN_EMPTY_BODY = YES;
				CLANG_WARN_ENUM_CONVERSION = YES;
				CLANG_WARN_INT_CONVERSION = YES;
				CLANG_WARN_OBJC_ROOT_CLASS = YES_ERROR;
				CLANG_WARN_UNREACHABLE_CODE = YES;
				CLANG_WARN__DUPLICATE_METHOD_MATCH = YES;
				"CODE_SIGN_IDENTITY[sdk=iphoneos*]" = "iPhone Developer";
				COPY_PHASE_STRIP = YES;
				ENABLE_NS_ASSERTIONS = NO;
				ENABLE_STRICT_OBJC_MSGSEND = YES;
				GCC_C_LANGUAGE_STANDARD = gnu99;
				GCC_WARN_64_TO_32_BIT_CONVERSION = YES;
				GCC_WARN_ABOUT_RETURN_TYPE = YES_ERROR;
				GCC_WARN_UNDECLARED_SELECTOR = YES;
				GCC_WARN_UNINITIALIZED_AUTOS = YES_AGGRESSIVE;
				GCC_WARN_UNUSED_FUNCTION = YES;
				GCC_WARN_UNUSED_VARIABLE = YES;
				IPHONEOS_DEPLOYMENT_TARGET = 8.0;
				MTL_ENABLE_DEBUG_INFO = NO;
				SDKROOT = iphoneos;
				VALIDATE_PRODUCT = YES;
			};
			name = Release;
		};
		0C5E074E19D002DB00D80B64 /* Debug */ = {
			isa = XCBuildConfiguration;
			buildSettings = {
				ASSETCATALOG_COMPILER_APPICON_NAME = AppIcon;
				INFOPLIST_FILE = "$(SRCROOT)/OWSDemo/Info.plist";
				IPHONEOS_DEPLOYMENT_TARGET = 6.0;
				LD_RUNPATH_SEARCH_PATHS = "$(inherited) @executable_path/Frameworks";
				LIBRARY_SEARCH_PATHS = (
					"$(inherited)",
					"$(PROJECT_DIR)",
					"$(PROJECT_DIR)/ddddddd",
					"$(PROJECT_DIR)/Debug-iphonesimulator",
				);
				ONLY_ACTIVE_ARCH = NO;
				OTHER_LDFLAGS = "-all_load";
				PRODUCT_NAME = OWSDemo;
				VALID_ARCHS = "armv7 armv7s";
			};
			name = Debug;
		};
		0C5E074F19D002DB00D80B64 /* Release */ = {
			isa = XCBuildConfiguration;
			buildSettings = {
				ASSETCATALOG_COMPILER_APPICON_NAME = AppIcon;
				INFOPLIST_FILE = "$(SRCROOT)/OWSDemo/Info.plist";
				IPHONEOS_DEPLOYMENT_TARGET = 6.0;
				LD_RUNPATH_SEARCH_PATHS = "$(inherited) @executable_path/Frameworks";
				LIBRARY_SEARCH_PATHS = (
					"$(inherited)",
					"$(PROJECT_DIR)",
					"$(PROJECT_DIR)/ddddddd",
					"$(PROJECT_DIR)/Debug-iphonesimulator",
				);
				OTHER_LDFLAGS = "-all_load";
				PRODUCT_NAME = OWSDemo;
				VALID_ARCHS = "armv7 armv7s";
			};
			name = Release;
		};
/* End XCBuildConfiguration section */

/* Begin XCConfigurationList section */
		0C5E072519D002DB00D80B64 /* Build configuration list for PBXProject "OWSDemo" */ = {
			isa = XCConfigurationList;
			buildConfigurations = (
				0C5E074B19D002DB00D80B64 /* Debug */,
				0C5E074C19D002DB00D80B64 /* Release */,
			);
			defaultConfigurationIsVisible = 0;
			defaultConfigurationName = Release;
		};
		0C5E074D19D002DB00D80B64 /* Build configuration list for PBXNativeTarget "OWSDemo" */ = {
			isa = XCConfigurationList;
			buildConfigurations = (
				0C5E074E19D002DB00D80B64 /* Debug */,
				0C5E074F19D002DB00D80B64 /* Release */,
			);
			defaultConfigurationIsVisible = 0;
			defaultConfigurationName = Release;
		};
/* End XCConfigurationList section */
	};
	rootObject = 0C5E072219D002DB00D80B64 /* Project object */;
}
